{
  "nodes": {
    "claude-code": {
      "locked": {
        "lastModified": 1785996751,
        "narHash": "sha256-BSPLR76ONBawp7lVAcZ3SLZoyBD6OHFJaCXWPT5g7EQ=",
        "owner": "nixos",
        "repo": "nixpkgs",
        "rev": "2f388e38b124530c4eac5e1766885c8391d84d82",
        "type": "github"
      },
      "original": {
        "owner": "nixos",
        "repo": "nixpkgs",
        "rev": "2f388e38b124530c4eac5e1766885c8391d84d82",
        "type": "github"
      }
    },
    "flake-parts": {
      "inputs": {
        "nixpkgs-lib": "nixpkgs-lib"
      },
      "locked": {
        "lastModified": 1785627969,
        "narHash": "sha256-4dtXQk/NMePegK/nWp5NSeuZKLATItOq61lpEvmXqGw=",
        "owner": "hercules-ci",
        "repo": "flake-parts",
        "rev": "427bf4bd9435fdf21321c8cc628c24efc14c0f7a",
        "type": "github"
      },
      "original": {
        "owner": "hercules-ci",
        "repo": "flake-parts",
        "rev": "427bf4bd9435fdf21321c8cc628c24efc14c0f7a",
        "type": "github"
      }
    },
    "nixpkgs": {
      "locked": {
        "lastModified": 1783269814,
        "narHash": "sha256-qK7/bxdTdE4RcPIi2zLTYkxqac3/suBTa0jnp3iG2tY=",
        "owner": "nixos",
        "repo": "nixpkgs",
        "rev": "f6776b4d899bca9dc8f99ee9b2c6c12d778f9233",
        "type": "github"
      },
      "original": {
        "owner": "nixos",
        "repo": "nixpkgs",
        "rev": "f6776b4d899bca9dc8f99ee9b2c6c12d778f9233",
        "type": "github"
      }
    },
    "nixpkgs-lib": {
      "locked": {
        "lastModified": 1785031560,
        "narHash": "sha256-OmshNvn2vupOFpYinLUu+1Dnpu4n7Q5N3ggGVNHpkUI=",
        "owner": "nix-community",
        "repo": "nixpkgs.lib",
        "rev": "0e79af5e3d4dcfcd676ab5ba3f95d2e3352e078c",
        "type": "github"
      },
      "original": {
        "owner": "nix-community",
        "repo": "nixpkgs.lib",
        "type": "github"
      }
    },
    "opencode": {
      "locked": {
        "lastModified": 1785867218,
        "narHash": "sha256-uExN6gfBjWnvrBYozAIIHbbADdY5XTXSny7v8HEq56g=",
        "owner": "nixos",
        "repo": "nixpkgs",
        "rev": "ea08daa3f3d7b4e727308278f7bc489a6cd888a5",
        "type": "github"
      },
      "original": {
        "owner": "nixos",
        "repo": "nixpkgs",
        "rev": "ea08daa3f3d7b4e727308278f7bc489a6cd888a5",
        "type": "github"
      }
    },
    "root": {
      "inputs": {
        "claude-code": "claude-code",
        "flake-parts": "flake-parts",
        "nixpkgs": "nixpkgs",
        "opencode": "opencode"
      }
    }
  },
  "root": "root",
  "version": 7
}
